// !$*UTF8*$!
{
	archiveVersion = 1;
	classes = {
	};
	objectVersion = 46;
	objects = {

/* Begin PBXBuildFile section */
		63DEA81F1AF1CE1A0011FB4A /* FinalRunViewController.swift in Sources */ = {isa = PBXBuildFile; fileRef = 63DEA81E1AF1CE1A0011FB4A /* FinalRunViewController.swift */; };
		63DEA8211AF825590011FB4A /* RunConfigurationViewController.swift in Sources */ = {isa = PBXBuildFile; fileRef = 63DEA8201AF825590011FB4A /* RunConfigurationViewController.swift */; };
		712192D31AF85222002DEB60 /* BalancePro.swift in Sources */ = {isa = PBXBuildFile; fileRef = 712192D21AF85222002DEB60 /* BalancePro.swift */; };
		714AD77B1B588DEA00975E62 /* SavedRunsViewController.swift in Sources */ = {isa = PBXBuildFile; fileRef = 714AD77A1B588DEA00975E62 /* SavedRunsViewController.swift */; };
		71676AA31A5F75790049BF07 /* CodeHolder.swift in Sources */ = {isa = PBXBuildFile; fileRef = 71676AA21A5F75790049BF07 /* CodeHolder.swift */; };
		716FCE931B3FB08400D96CF9 /* BalanceReportViewController.swift in Sources */ = {isa = PBXBuildFile; fileRef = 716FCE921B3FB08400D96CF9 /* BalanceReportViewController.swift */; };
		71856C0D1B4E2B3E0049606E /* TrialWeightViewController.swift in Sources */ = {isa = PBXBuildFile; fileRef = 71856C0C1B4E2B3E0049606E /* TrialWeightViewController.swift */; };
		7188AA521B60AF5B001ECB06 /* CalculationResultsViewController.swift in Sources */ = {isa = PBXBuildFile; fileRef = 7188AA511B60AF5B001ECB06 /* CalculationResultsViewController.swift */; };
		71B448A81B3E5B59001764A3 /* BalanceProMainMenuViewController.swift in Sources */ = {isa = PBXBuildFile; fileRef = 71B448A71B3E5B59001764A3 /* BalanceProMainMenuViewController.swift */; };
		71BE483F1A1BFBFA0067CA2B /* BalancePlaneView.swift in Sources */ = {isa = PBXBuildFile; fileRef = 71BE483E1A1BFBFA0067CA2B /* BalancePlaneView.swift */; };
		71BEDABA1BDB1D9D00B58255 /* AddVectorViewController.swift in Sources */ = {isa = PBXBuildFile; fileRef = 71BEDAB81BDB1D9D00B58255 /* AddVectorViewController.swift */; };
		71BEDABB1BDB1D9D00B58255 /* AddVectorViewController.xib in Resources */ = {isa = PBXBuildFile; fileRef = 71BEDAB91BDB1D9D00B58255 /* AddVectorViewController.xib */; };
		71FA859E1A1BCA3500E69D40 /* AppDelegate.swift in Sources */ = {isa = PBXBuildFile; fileRef = 71FA859D1A1BCA3500E69D40 /* AppDelegate.swift */; };
		71FA85A01A1BCA3500E69D40 /* InitialRunViewController.swift in Sources */ = {isa = PBXBuildFile; fileRef = 71FA859F1A1BCA3500E69D40 /* InitialRunViewController.swift */; };
		71FA85A21A1BCA3500E69D40 /* InfluenceRunViewController.swift in Sources */ = {isa = PBXBuildFile; fileRef = 71FA85A11A1BCA3500E69D40 /* InfluenceRunViewController.swift */; };
		71FA85A51A1BCA3500E69D40 /* Main.storyboard in Resources */ = {isa = PBXBuildFile; fileRef = 71FA85A31A1BCA3500E69D40 /* Main.storyboard */; };
		71FA85A71A1BCA3500E69D40 /* Images.xcassets in Resources */ = {isa = PBXBuildFile; fileRef = 71FA85A61A1BCA3500E69D40 /* Images.xcassets */; };
		71FA85AA1A1BCA3500E69D40 /* LaunchScreen.xib in Resources */ = {isa = PBXBuildFile; fileRef = 71FA85A81A1BCA3500E69D40 /* LaunchScreen.xib */; };
		71FA85B61A1BCA3500E69D40 /* BalanceProTests.swift in Sources */ = {isa = PBXBuildFile; fileRef = 71FA85B51A1BCA3500E69D40 /* BalanceProTests.swift */; };
/* End PBXBuildFile section */

/* Begin PBXContainerItemProxy section */
		71FA85B01A1BCA3500E69D40 /* PBXContainerItemProxy */ = {
			isa = PBXContainerItemProxy;
			containerPortal = 71FA85901A1BCA3500E69D40 /* Project object */;
			proxyType = 1;
			remoteGlobalIDString = 71FA85971A1BCA3500E69D40;
			remoteInfo = BalancePro;
		};
/* End PBXContainerItemProxy section */

/* Begin PBXFileReference section */
		63DEA81E1AF1CE1A0011FB4A /* FinalRunViewController.swift */ = {isa = PBXFileReference; fileEncoding = 4; lastKnownFileType = sourcecode.swift; path = FinalRunViewController.swift; sourceTree = "<group>"; };
		63DEA8201AF825590011FB4A /* RunConfigurationViewController.swift */ = {isa = PBXFileReference; fileEncoding = 4; lastKnownFileType = sourcecode.swift; path = RunConfigurationViewController.swift; sourceTree = "<group>"; };
		712192D21AF85222002DEB60 /* BalancePro.swift */ = {isa = PBXFileReference; fileEncoding = 4; lastKnownFileType = sourcecode.swift; path = BalancePro.swift; sourceTree = "<group>"; };
		714AD77A1B588DEA00975E62 /* SavedRunsViewController.swift */ = {isa = PBXFileReference; fileEncoding = 4; lastKnownFileType = sourcecode.swift; path = SavedRunsViewController.swift; sourceTree = "<group>"; };
		71676AA21A5F75790049BF07 /* CodeHolder.swift */ = {isa = PBXFileReference; fileEncoding = 4; lastKnownFileType = sourcecode.swift; path = CodeHolder.swift; sourceTree = "<group>"; };
		716FCE921B3FB08400D96CF9 /* BalanceReportViewController.swift */ = {isa = PBXFileReference; fileEncoding = 4; lastKnownFileType = sourcecode.swift; path = BalanceReportViewController.swift; sourceTree = "<group>"; };
		71856C0C1B4E2B3E0049606E /* TrialWeightViewController.swift */ = {isa = PBXFileReference; fileEncoding = 4; lastKnownFileType = sourcecode.swift; path = TrialWeightViewController.swift; sourceTree = "<group>"; };
		7188AA511B60AF5B001ECB06 /* CalculationResultsViewController.swift */ = {isa = PBXFileReference; fileEncoding = 4; lastKnownFileType = sourcecode.swift; path = CalculationResultsViewController.swift; sourceTree = "<group>"; };
		71B448A71B3E5B59001764A3 /* BalanceProMainMenuViewController.swift */ = {isa = PBXFileReference; fileEncoding = 4; lastKnownFileType = sourcecode.swift; path = BalanceProMainMenuViewController.swift; sourceTree = "<group>"; };
		71BE483E1A1BFBFA0067CA2B /* BalancePlaneView.swift */ = {isa = PBXFileReference; fileEncoding = 4; lastKnownFileType = sourcecode.swift; path = BalancePlaneView.swift; sourceTree = "<group>"; };
		71BEDAB81BDB1D9D00B58255 /* AddVectorViewController.swift */ = {isa = PBXFileReference; fileEncoding = 4; lastKnownFileType = sourcecode.swift; path = AddVectorViewController.swift; sourceTree = "<group>"; };
		71BEDAB91BDB1D9D00B58255 /* AddVectorViewController.xib */ = {isa = PBXFileReference; fileEncoding = 4; lastKnownFileType = file.xib; path = AddVectorViewController.xib; sourceTree = "<group>"; };
		71FA85981A1BCA3500E69D40 /* BalancePro.app */ = {isa = PBXFileReference; explicitFileType = wrapper.application; includeInIndex = 0; path = BalancePro.app; sourceTree = BUILT_PRODUCTS_DIR; };
		71FA859C1A1BCA3500E69D40 /* Info.plist */ = {isa = PBXFileReference; lastKnownFileType = text.plist.xml; path = Info.plist; sourceTree = "<group>"; };
		71FA859D1A1BCA3500E69D40 /* AppDelegate.swift */ = {isa = PBXFileReference; lastKnownFileType = sourcecode.swift; path = AppDelegate.swift; sourceTree = "<group>"; };
		71FA859F1A1BCA3500E69D40 /* InitialRunViewController.swift */ = {isa = PBXFileReference; lastKnownFileType = sourcecode.swift; path = InitialRunViewController.swift; sourceTree = "<group>"; };
		71FA85A11A1BCA3500E69D40 /* InfluenceRunViewController.swift */ = {isa = PBXFileReference; lastKnownFileType = sourcecode.swift; path = InfluenceRunViewController.swift; sourceTree = "<group>"; };
		71FA85A41A1BCA3500E69D40 /* Base */ = {isa = PBXFileReference; lastKnownFileType = file.storyboard; name = Base; path = Base.lproj/Main.storyboard; sourceTree = "<group>"; };
		71FA85A61A1BCA3500E69D40 /* Images.xcassets */ = {isa = PBXFileReference; lastKnownFileType = folder.assetcatalog; path = Images.xcassets; sourceTree = "<group>"; };
		71FA85A91A1BCA3500E69D40 /* Base */ = {isa = PBXFileReference; lastKnownFileType = file.xib; name = Base; path = Base.lproj/LaunchScreen.xib; sourceTree = "<group>"; };
		71FA85AF1A1BCA3500E69D40 /* BalanceProTests.xctest */ = {isa = PBXFileReference; explicitFileType = wrapper.cfbundle; includeInIndex = 0; path = BalanceProTests.xctest; sourceTree = BUILT_PRODUCTS_DIR; };
		71FA85B41A1BCA3500E69D40 /* Info.plist */ = {isa = PBXFileReference; lastKnownFileType = text.plist.xml; path = Info.plist; sourceTree = "<group>"; };
		71FA85B51A1BCA3500E69D40 /* BalanceProTests.swift */ = {isa = PBXFileReference; lastKnownFileType = sourcecode.swift; path = BalanceProTests.swift; sourceTree = "<group>"; };
/* End PBXFileReference section */

/* Begin PBXFrameworksBuildPhase section */
		71FA85951A1BCA3500E69D40 /* Frameworks */ = {
			isa = PBXFrameworksBuildPhase;
			buildActionMask = 2147483647;
			files = (
			);
			runOnlyForDeploymentPostprocessing = 0;
		};
		71FA85AC1A1BCA3500E69D40 /* Frameworks */ = {
			isa = PBXFrameworksBuildPhase;
			buildActionMask = 2147483647;
			files = (
			);
			runOnlyForDeploymentPostprocessing = 0;
		};
/* End PBXFrameworksBuildPhase section */

/* Begin PBXGroup section */
		713DE0EB1B368A7300C805F6 /* Storyboards */ = {
			isa = PBXGroup;
			children = (
				71FA85A81A1BCA3500E69D40 /* LaunchScreen.xib */,
				71FA85A31A1BCA3500E69D40 /* Main.storyboard */,
				71BEDAB81BDB1D9D00B58255 /* AddVectorViewController.swift */,
				71BEDAB91BDB1D9D00B58255 /* AddVectorViewController.xib */,
			);
			name = Storyboards;
			sourceTree = "<group>";
		};
		713DE0EC1B368A7800C805F6 /* Views and Controllers */ = {
			isa = PBXGroup;
			children = (
				712192D21AF85222002DEB60 /* BalancePro.swift */,
				71BE483E1A1BFBFA0067CA2B /* BalancePlaneView.swift */,
				71B448A71B3E5B59001764A3 /* BalanceProMainMenuViewController.swift */,
				63DEA8201AF825590011FB4A /* RunConfigurationViewController.swift */,
				714AD77A1B588DEA00975E62 /* SavedRunsViewController.swift */,
				71CA621B1BCDAD6D00F6B3F3 /* Single Plane Vector */,
			);
			name = "Views and Controllers";
			sourceTree = "<group>";
		};
		713DE0ED1B368B8400C805F6 /* Code Snips */ = {
			isa = PBXGroup;
			children = (
				71676AA21A5F75790049BF07 /* CodeHolder.swift */,
			);
			name = "Code Snips";
			sourceTree = "<group>";
		};
		71CA621B1BCDAD6D00F6B3F3 /* Single Plane Vector */ = {
			isa = PBXGroup;
			children = (
				71FA859F1A1BCA3500E69D40 /* InitialRunViewController.swift */,
				71856C0C1B4E2B3E0049606E /* TrialWeightViewController.swift */,
				71FA85A11A1BCA3500E69D40 /* InfluenceRunViewController.swift */,
				7188AA511B60AF5B001ECB06 /* CalculationResultsViewController.swift */,
				63DEA81E1AF1CE1A0011FB4A /* FinalRunViewController.swift */,
				716FCE921B3FB08400D96CF9 /* BalanceReportViewController.swift */,
			);
			name = "Single Plane Vector";
			sourceTree = "<group>";
		};
		71FA858F1A1BCA3500E69D40 = {
			isa = PBXGroup;
			children = (
				71FA859A1A1BCA3500E69D40 /* BalancePro */,
				71FA85B21A1BCA3500E69D40 /* BalanceProTests */,
				71FA85991A1BCA3500E69D40 /* Products */,
			);
			sourceTree = "<group>";
		};
		71FA85991A1BCA3500E69D40 /* Products */ = {
			isa = PBXGroup;
			children = (
				71FA85981A1BCA3500E69D40 /* BalancePro.app */,
				71FA85AF1A1BCA3500E69D40 /* BalanceProTests.xctest */,
			);
			name = Products;
			sourceTree = "<group>";
		};
		71FA859A1A1BCA3500E69D40 /* BalancePro */ = {
			isa = PBXGroup;
			children = (
				713DE0ED1B368B8400C805F6 /* Code Snips */,
				713DE0EC1B368A7800C805F6 /* Views and Controllers */,
				713DE0EB1B368A7300C805F6 /* Storyboards */,
				71FA859D1A1BCA3500E69D40 /* AppDelegate.swift */,
				71FA85A61A1BCA3500E69D40 /* Images.xcassets */,
				71FA859B1A1BCA3500E69D40 /* Supporting Files */,
			);
			path = BalancePro;
			sourceTree = "<group>";
		};
		71FA859B1A1BCA3500E69D40 /* Supporting Files */ = {
			isa = PBXGroup;
			children = (
				71FA859C1A1BCA3500E69D40 /* Info.plist */,
			);
			name = "Supporting Files";
			sourceTree = "<group>";
		};
		71FA85B21A1BCA3500E69D40 /* BalanceProTests */ = {
			isa = PBXGroup;
			children = (
				71FA85B51A1BCA3500E69D40 /* BalanceProTests.swift */,
				71FA85B31A1BCA3500E69D40 /* Supporting Files */,
			);
			path = BalanceProTests;
			sourceTree = "<group>";
		};
		71FA85B31A1BCA3500E69D40 /* Supporting Files */ = {
			isa = PBXGroup;
			children = (
				71FA85B41A1BCA3500E69D40 /* Info.plist */,
			);
			name = "Supporting Files";
			sourceTree = "<group>";
		};
/* End PBXGroup section */

/* Begin PBXNativeTarget section */
		71FA85971A1BCA3500E69D40 /* BalancePro */ = {
			isa = PBXNativeTarget;
			buildConfigurationList = 71FA85B91A1BCA3500E69D40 /* Build configuration list for PBXNativeTarget "BalancePro" */;
			buildPhases = (
				71FA85941A1BCA3500E69D40 /* Sources */,
				71FA85951A1BCA3500E69D40 /* Frameworks */,
				71FA85961A1BCA3500E69D40 /* Resources */,
			);
			buildRules = (
			);
			dependencies = (
			);
			name = BalancePro;
			productName = BalancePro;
			productReference = 71FA85981A1BCA3500E69D40 /* BalancePro.app */;
			productType = "com.apple.product-type.application";
		};
		71FA85AE1A1BCA3500E69D40 /* BalanceProTests */ = {
			isa = PBXNativeTarget;
			buildConfigurationList = 71FA85BC1A1BCA3500E69D40 /* Build configuration list for PBXNativeTarget "BalanceProTests" */;
			buildPhases = (
				71FA85AB1A1BCA3500E69D40 /* Sources */,
				71FA85AC1A1BCA3500E69D40 /* Frameworks */,
				71FA85AD1A1BCA3500E69D40 /* Resources */,
			);
			buildRules = (
			);
			dependencies = (
				71FA85B11A1BCA3500E69D40 /* PBXTargetDependency */,
			);
			name = BalanceProTests;
			productName = BalanceProTests;
			productReference = 71FA85AF1A1BCA3500E69D40 /* BalanceProTests.xctest */;
			productType = "com.apple.product-type.bundle.unit-test";
		};
/* End PBXNativeTarget section */

/* Begin PBXProject section */
		71FA85901A1BCA3500E69D40 /* Project object */ = {
			isa = PBXProject;
			attributes = {
				LastSwiftMigration = 0700;
				LastSwiftUpdateCheck = 0700;
				LastUpgradeCheck = 1240;
				ORGANIZATIONNAME = KenCeglia;
				TargetAttributes = {
					71FA85971A1BCA3500E69D40 = {
						CreatedOnToolsVersion = 6.1;
						LastSwiftMigration = 1020;
					};
					71FA85AE1A1BCA3500E69D40 = {
						CreatedOnToolsVersion = 6.1;
						LastSwiftMigration = 1020;
						TestTargetID = 71FA85971A1BCA3500E69D40;
					};
				};
			};
			buildConfigurationList = 71FA85931A1BCA3500E69D40 /* Build configuration list for PBXProject "BalancePro" */;
			compatibilityVersion = "Xcode 3.2";
			developmentRegion = en;
			hasScannedForEncodings = 0;
			knownRegions = (
				en,
				Base,
			);
			mainGroup = 71FA858F1A1BCA3500E69D40;
			productRefGroup = 71FA85991A1BCA3500E69D40 /* Products */;
			projectDirPath = "";
			projectRoot = "";
			targets = (
				71FA85971A1BCA3500E69D40 /* BalancePro */,
				71FA85AE1A1BCA3500E69D40 /* BalanceProTests */,
			);
		};
/* End PBXProject section */

/* Begin PBXResourcesBuildPhase section */
		71FA85961A1BCA3500E69D40 /* Resources */ = {
			isa = PBXResourcesBuildPhase;
			buildActionMask = 2147483647;
			files = (
				71FA85A51A1BCA3500E69D40 /* Main.storyboard in Resources */,
				71FA85AA1A1BCA3500E69D40 /* LaunchScreen.xib in Resources */,
				71FA85A71A1BCA3500E69D40 /* Images.xcassets in Resources */,
				71BEDABB1BDB1D9D00B58255 /* AddVectorViewController.xib in Resources */,
			);
			runOnlyForDeploymentPostprocessing = 0;
		};
		71FA85AD1A1BCA3500E69D40 /* Resources */ = {
			isa = PBXResourcesBuildPhase;
			buildActionMask = 2147483647;
			files = (
			);
			runOnlyForDeploymentPostprocessing = 0;
		};
/* End PBXResourcesBuildPhase section */

/* Begin PBXSourcesBuildPhase section */
		71FA85941A1BCA3500E69D40 /* Sources */ = {
			isa = PBXSourcesBuildPhase;
			buildActionMask = 2147483647;
			files = (
				63DEA8211AF825590011FB4A /* RunConfigurationViewController.swift in Sources */,
				71BEDABA1BDB1D9D00B58255 /* AddVectorViewController.swift in Sources */,
				71BE483F1A1BFBFA0067CA2B /* BalancePlaneView.swift in Sources */,
				714AD77B1B588DEA00975E62 /* SavedRunsViewController.swift in Sources */,
				71FA85A21A1BCA3500E69D40 /* InfluenceRunViewController.swift in Sources */,
				71FA859E1A1BCA3500E69D40 /* AppDelegate.swift in Sources */,
				712192D31AF85222002DEB60 /* BalancePro.swift in Sources */,
				7188AA521B60AF5B001ECB06 /* CalculationResultsViewController.swift in Sources */,
				71B448A81B3E5B59001764A3 /* BalanceProMainMenuViewController.swift in Sources */,
				71856C0D1B4E2B3E0049606E /* TrialWeightViewController.swift in Sources */,
				63DEA81F1AF1CE1A0011FB4A /* FinalRunViewController.swift in Sources */,
				716FCE931B3FB08400D96CF9 /* BalanceReportViewController.swift in Sources */,
				71676AA31A5F75790049BF07 /* CodeHolder.swift in Sources */,
				71FA85A01A1BCA3500E69D40 /* InitialRunViewController.swift in Sources */,
			);
			runOnlyForDeploymentPostprocessing = 0;
		};
		71FA85AB1A1BCA3500E69D40 /* Sources */ = {
			isa = PBXSourcesBuildPhase;
			buildActionMask = 2147483647;
			files = (
				71FA85B61A1BCA3500E69D40 /* BalanceProTests.swift in Sources */,
			);
			runOnlyForDeploymentPostprocessing = 0;
		};
/* End PBXSourcesBuildPhase section */

/* Begin PBXTargetDependency section */
		71FA85B11A1BCA3500E69D40 /* PBXTargetDependency */ = {
			isa = PBXTargetDependency;
			target = 71FA85971A1BCA3500E69D40 /* BalancePro */;
			targetProxy = 71FA85B01A1BCA3500E69D40 /* PBXContainerItemProxy */;
		};
/* End PBXTargetDependency section */

/* Begin PBXVariantGroup section */
		71FA85A31A1BCA3500E69D40 /* Main.storyboard */ = {
			isa = PBXVariantGroup;
			children = (
				71FA85A41A1BCA3500E69D40 /* Base */,
			);
			name = Main.storyboard;
			sourceTree = "<group>";
		};
		71FA85A81A1BCA3500E69D40 /* LaunchScreen.xib */ = {
			isa = PBXVariantGroup;
			children = (
				71FA85A91A1BCA3500E69D40 /* Base */,
			);
			name = LaunchScreen.xib;
			sourceTree = "<group>";
		};
/* End PBXVariantGroup section */

/* Begin XCBuildConfiguration section */
		71FA85B71A1BCA3500E69D40 /* Debug */ = {
			isa = XCBuildConfiguration;
			buildSettings = {
				ALWAYS_SEARCH_USER_PATHS = NO;
				CLANG_ANALYZER_LOCALIZABILITY_NONLOCALIZED = YES;
				CLANG_CXX_LANGUAGE_STANDARD = "gnu++0x";
				CLANG_CXX_LIBRARY = "libc++";
				CLANG_ENABLE_MODULES = YES;
				CLANG_ENABLE_OBJC_ARC = YES;
				CLANG_WARN_BLOCK_CAPTURE_AUTORELEASING = YES;
				CLANG_WARN_BOOL_CONVERSION = YES;
				CLANG_WARN_COMMA = YES;
				CLANG_WARN_CONSTANT_CONVERSION = YES;
				CLANG_WARN_DEPRECATED_OBJC_IMPLEMENTATIONS = YES;
				CLANG_WARN_DIRECT_OBJC_ISA_USAGE = YES_ERROR;
				CLANG_WARN_EMPTY_BODY = YES;
				CLANG_WARN_ENUM_CONVERSION = YES;
				CLANG_WARN_INFINITE_RECURSION = YES;
				CLANG_WARN_INT_CONVERSION = YES;
				CLANG_WARN_NON_LITERAL_NULL_CONVERSION = YES;
				CLANG_WARN_OBJC_IMPLICIT_RETAIN_SELF = YES;
				CLANG_WARN_OBJC_LITERAL_CONVERSION = YES;
				CLANG_WARN_OBJC_ROOT_CLASS = YES_ERROR;
				CLANG_WARN_QUOTED_INCLUDE_IN_FRAMEWORK_HEADER = YES;
				CLANG_WARN_RANGE_LOOP_ANALYSIS = YES;
				CLANG_WARN_STRICT_PROTOTYPES = YES;
				CLANG_WARN_SUSPICIOUS_MOVE = YES;
				CLANG_WARN_UNREACHABLE_CODE = YES;
				CLANG_WARN__DUPLICATE_METHOD_MATCH = YES;
				"CODE_SIGN_IDENTITY[sdk=iphoneos*]" = "iPhone Developer";
				COPY_PHASE_STRIP = NO;
				ENABLE_STRICT_OBJC_MSGSEND = YES;
				ENABLE_TESTABILITY = YES;
				GCC_C_LANGUAGE_STANDARD = gnu99;
				GCC_DYNAMIC_NO_PIC = NO;
				GCC_NO_COMMON_BLOCKS = YES;
				GCC_OPTIMIZATION_LEVEL = 0;
				GCC_PREPROCESSOR_DEFINITIONS = (
					"DEBUG=1",
					"$(inherited)",
				);
				GCC_SYMBOLS_PRIVATE_EXTERN = NO;
				GCC_WARN_64_TO_32_BIT_CONVERSION = YES;
				GCC_WARN_ABOUT_RETURN_TYPE = YES_ERROR;
				GCC_WARN_UNDECLARED_SELECTOR = YES;
				GCC_WARN_UNINITIALIZED_AUTOS = YES_AGGRESSIVE;
				GCC_WARN_UNUSED_FUNCTION = YES;
				GCC_WARN_UNUSED_VARIABLE = YES;
				IPHONEOS_DEPLOYMENT_TARGET = 12.0;
				MTL_ENABLE_DEBUG_INFO = YES;
				ONLY_ACTIVE_ARCH = YES;
				SDKROOT = iphoneos;
				SWIFT_OPTIMIZATION_LEVEL = "-Onone";
				SWIFT_SWIFT3_OBJC_INFERENCE = Default;
				TARGETED_DEVICE_FAMILY = "1,2";
			};
			name = Debug;
		};
		71FA85B81A1BCA3500E69D40 /* Release */ = {
			isa = XCBuildConfiguration;
			buildSettings = {
				ALWAYS_SEARCH_USER_PATHS = NO;
				CLANG_ANALYZER_LOCALIZABILITY_NONLOCALIZED = YES;
				CLANG_CXX_LANGUAGE_STANDARD = "gnu++0x";
				CLANG_CXX_LIBRARY = "libc++";
				CLANG_ENABLE_MODULES = YES;
				CLANG_ENABLE_OBJC_ARC = YES;
				CLANG_WARN_BLOCK_CAPTURE_AUTORELEASING = YES;
				CLANG_WARN_BOOL_CONVERSION = YES;
				CLANG_WARN_COMMA = YES;
				CLANG_WARN_CONSTANT_CONVERSION = YES;
				CLANG_WARN_DEPRECATED_OBJC_IMPLEMENTATIONS = YES;
				CLANG_WARN_DIRECT_OBJC_ISA_USAGE = YES_ERROR;
				CLANG_WARN_EMPTY_BODY = YES;
				CLANG_WARN_ENUM_CONVERSION = YES;
				CLANG_WARN_INFINITE_RECURSION = YES;
				CLANG_WARN_INT_CONVERSION = YES;
				CLANG_WARN_NON_LITERAL_NULL_CONVERSION = YES;
				CLANG_WARN_OBJC_IMPLICIT_RETAIN_SELF = YES;
				CLANG_WARN_OBJC_LITERAL_CONVERSION = YES;
				CLANG_WARN_OBJC_ROOT_CLASS = YES_ERROR;
				CLANG_WARN_QUOTED_INCLUDE_IN_FRAMEWORK_HEADER = YES;
				CLANG_WARN_RANGE_LOOP_ANALYSIS = YES;
				CLANG_WARN_STRICT_PROTOTYPES = YES;
				CLANG_WARN_SUSPICIOUS_MOVE = YES;
				CLANG_WARN_UNREACHABLE_CODE = YES;
				CLANG_WARN__DUPLICATE_METHOD_MATCH = YES;
				"CODE_SIGN_IDENTITY[sdk=iphoneos*]" = "iPhone Developer";
				COPY_PHASE_STRIP = YES;
				ENABLE_NS_ASSERTIONS = NO;
				ENABLE_STRICT_OBJC_MSGSEND = YES;
				GCC_C_LANGUAGE_STANDARD = gnu99;
				GCC_NO_COMMON_BLOCKS = YES;
				GCC_WARN_64_TO_32_BIT_CONVERSION = YES;
				GCC_WARN_ABOUT_RETURN_TYPE = YES_ERROR;
				GCC_WARN_UNDECLARED_SELECTOR = YES;
				GCC_WARN_UNINITIALIZED_AUTOS = YES_AGGRESSIVE;
				GCC_WARN_UNUSED_FUNCTION = YES;
				GCC_WARN_UNUSED_VARIABLE = YES;
				IPHONEOS_DEPLOYMENT_TARGET = 12.0;
				MTL_ENABLE_DEBUG_INFO = NO;
				SDKROOT = iphoneos;
				SWIFT_OPTIMIZATION_LEVEL = "-Owholemodule";
				SWIFT_SWIFT3_OBJC_INFERENCE = Default;
				TARGETED_DEVICE_FAMILY = "1,2";
				VALIDATE_PRODUCT = YES;
			};
			name = Release;
		};
		71FA85BA1A1BCA3500E69D40 /* Debug */ = {
			isa = XCBuildConfiguration;
			buildSettings = {
				ASSETCATALOG_COMPILER_APPICON_NAME = AppIcon;
				INFOPLIST_FILE = BalancePro/Info.plist;
				LD_RUNPATH_SEARCH_PATHS = "$(inherited) @executable_path/Frameworks";
				PRODUCT_BUNDLE_IDENTIFIER = "KWare.$(PRODUCT_NAME:rfc1034identifier)";
				PRODUCT_NAME = "$(TARGET_NAME)";
				SWIFT_VERSION = 5.0;
			};
			name = Debug;
		};
		71FA85BB1A1BCA3500E69D40 /* Release */ = {
			isa = XCBuildConfiguration;
			buildSettings = {
				ASSETCATALOG_COMPILER_APPICON_NAME = AppIcon;
				INFOPLIST_FILE = BalancePro/Info.plist;
				LD_RUNPATH_SEARCH_PATHS = "$(inherited) @executable_path/Frameworks";
				PRODUCT_BUNDLE_IDENTIFIER = "KWare.$(PRODUCT_NAME:rfc1034identifier)";
				PRODUCT_NAME = "$(TARGET_NAME)";
				SWIFT_VERSION = 5.0;
			};
			name = Release;
		};
		71FA85BD1A1BCA3500E69D40 /* Debug */ = {
			isa = XCBuildConfiguration;
			buildSettings = {
				BUNDLE_LOADER = "$(TEST_HOST)";
				FRAMEWORK_SEARCH_PATHS = (
					"$(SDKROOT)/Developer/Library/Frameworks",
					"$(inherited)",
				);
				GCC_PREPROCESSOR_DEFINITIONS = (
					"DEBUG=1",
					"$(inherited)",
				);
				INFOPLIST_FILE = BalanceProTests/Info.plist;
				LD_RUNPATH_SEARCH_PATHS = "$(inherited) @executable_path/Frameworks @loader_path/Frameworks";
				PRODUCT_BUNDLE_IDENTIFIER = "KWare.$(PRODUCT_NAME:rfc1034identifier)";
				PRODUCT_NAME = "$(TARGET_NAME)";
				SWIFT_VERSION = 5.0;
				TEST_HOST = "$(BUILT_PRODUCTS_DIR)/BalancePro.app/BalancePro";
			};
			name = Debug;
		};
		71FA85BE1A1BCA3500E69D40 /* Release */ = {
			isa = XCBuildConfiguration;
			buildSettings = {
				BUNDLE_LOADER = "$(TEST_HOST)";
				FRAMEWORK_SEARCH_PATHS = (
					"$(SDKROOT)/Developer/Library/Frameworks",
					"$(inherited)",
				);
				INFOPLIST_FILE = BalanceProTests/Info.plist;
				LD_RUNPATH_SEARCH_PATHS = "$(inherited) @executable_path/Frameworks @loader_path/Frameworks";
				PRODUCT_BUNDLE_IDENTIFIER = "KWare.$(PRODUCT_NAME:rfc1034identifier)";
				PRODUCT_NAME = "$(TARGET_NAME)";
				SWIFT_VERSION = 5.0;
				TEST_HOST = "$(BUILT_PRODUCTS_DIR)/BalancePro.app/BalancePro";
			};
			name = Release;
		};
/* End XCBuildConfiguration section */

/* Begin XCConfigurationList section */
		71FA85931A1BCA3500E69D40 /* Build configuration list for PBXProject "BalancePro" */ = {
			isa = XCConfigurationList;
			buildConfigurations = (
				71FA85B71A1BCA3500E69D40 /* Debug */,
				71FA85B81A1BCA3500E69D40 /* Release */,
			);
			defaultConfigurationIsVisible = 0;
			defaultConfigurationName = Release;
		};
		71FA85B91A1BCA3500E69D40 /* Build configuration list for PBXNativeTarget "BalancePro" */ = {
			isa = XCConfigurationList;
			buildConfigurations = (
				71FA85BA1A1BCA3500E69D40 /* Debug */,
				71FA85BB1A1BCA3500E69D40 /* Release */,
			);
			defaultConfigurationIsVisible = 0;
			defaultConfigurationName = Release;
		};
		71FA85BC1A1BCA3500E69D40 /* Build configuration list for PBXNativeTarget "BalanceProTests" */ = {
			isa = XCConfigurationList;
			buildConfigurations = (
				71FA85BD1A1BCA3500E69D40 /* Debug */,
				71FA85BE1A1BCA3500E69D40 /* Release */,
			);
			defaultConfigurationIsVisible = 0;
			defaultConfigurationName = Release;
		};
/* End XCConfigurationList section */
	};
	rootObject = 71FA85901A1BCA3500E69D40 /* Project object */;
}
